{
  "name": "web lab15",
  "lockfileVersion": 2,
  "requires": true,
  "packages": {
    "": {
      "dependencies": {
        "hc-offcanvas-nav": "^6.1.5"
      }
    },
    "node_modules/hc-offcanvas-nav": {
      "version": "6.1.5",
      "resolved": "https://registry.npmjs.org/hc-offcanvas-nav/-/hc-offcanvas-nav-6.1.5.tgz",
      "integrity": "sha512-l3wHyZijyDtuaNHXMPCWJKhMLhVcGLwjwkxIr37/oeFC5PZzmxsQNSYY6V4vRE8d5AtFbiPGaAqlXtul2UfoCw=="
    }
  },
  "dependencies": {
    "hc-offcanvas-nav": {
      "version": "6.1.5",
      "resolved": "https://registry.npmjs.org/hc-offcanvas-nav/-/hc-offcanvas-nav-6.1.5.tgz",
      "integrity": "sha512-l3wHyZijyDtuaNHXMPCWJKhMLhVcGLwjwkxIr37/oeFC5PZzmxsQNSYY6V4vRE8d5AtFbiPGaAqlXtul2UfoCw=="
    }
  }
}
